
Microsoft Visual Studio Solution File, Format Version 12.00
# Visual Studio 15
VisualStudioVersion = 15.0.28010.2048
MinimumVisualStudioVersion = 10.0.40219.1
Project("{FAE04EC0-301F-11D3-BF4B-00C04F79EFBC}") = "Receipt.Backend", "AspCoreReceipt\Receipt.Backend.csproj", "{8FCC3877-552E-41D8-9ED0-7B83CF4E9D5B}"
EndProject
Global
	GlobalSection(SolutionConfigurationPlatforms) = preSolution
		Debug|Any CPU = Debug|Any CPU
		Release|Any CPU = Release|Any CPU
	EndGlobalSection
	GlobalSection(ProjectConfigurationPlatforms) = postSolution
		{8FCC3877-552E-41D8-9ED0-7B83CF4E9D5B}.Debug|Any CPU.ActiveCfg = Debug|Any CPU
		{8FCC3877-552E-41D8-9ED0-7B83CF4E9D5B}.Debug|Any CPU.Build.0 = Debug|Any CPU
		{8FCC3877-552E-41D8-9ED0-7B83CF4E9D5B}.Release|Any CPU.ActiveCfg = Release|Any CPU
		{8FCC3877-552E-41D8-9ED0-7B83CF4E9D5B}.Release|Any CPU.Build.0 = Release|Any CPU
	EndGlobalSection
	GlobalSection(SolutionProperties) = preSolution
		HideSolutionNode = FALSE
	EndGlobalSection
	GlobalSection(ExtensibilityGlobals) = postSolution
		SolutionGuid = {801973DD-3B54-4AFD-AF1C-89B0D20CB5DC}
	EndGlobalSection
EndGlobal
